// !$*UTF8*$!
{
	archiveVersion = 1;
	classes = {
	};
	objectVersion = 46;
	objects = {

/* Begin PBXBuildFile section */
		4C7122171CBB46A00070FE28 /* AppointmentMakerMapViewController.swift in Sources */ = {isa = PBXBuildFile; fileRef = 4C7122161CBB46A00070FE28 /* AppointmentMakerMapViewController.swift */; };
		4C71221A1CBC97A90070FE28 /* NotificationMapViewController.swift in Sources */ = {isa = PBXBuildFile; fileRef = 4C7122191CBC97A90070FE28 /* NotificationMapViewController.swift */; };
		4C78706A1CA20C6D005A109D /* Main.storyboard in Resources */ = {isa = PBXBuildFile; fileRef = 4C7870691CA20C6D005A109D /* Main.storyboard */; };
		4C8EFA501CA1C8AC00E36CD0 /* LoginViewController.swift in Sources */ = {isa = PBXBuildFile; fileRef = 4C8EFA4F1CA1C8AC00E36CD0 /* LoginViewController.swift */; };
		4C93C7AF1CADEF1A00BD2A6F /* NotifcationsDetailViewController.swift in Sources */ = {isa = PBXBuildFile; fileRef = 4C93C7AE1CADEF1A00BD2A6F /* NotifcationsDetailViewController.swift */; };
		4C93C7B61CADF79D00BD2A6F /* SignUpViewController.swift in Sources */ = {isa = PBXBuildFile; fileRef = 4C93C7B51CADF79D00BD2A6F /* SignUpViewController.swift */; };
		4CB6D9981CAB494C00060BBC /* HelpDeskUser.swift in Sources */ = {isa = PBXBuildFile; fileRef = 4CB6D9971CAB494C00060BBC /* HelpDeskUser.swift */; };
		4CB6D99E1CAB58FD00060BBC /* UserTabBarViewController.swift in Sources */ = {isa = PBXBuildFile; fileRef = 4CB6D99D1CAB58FD00060BBC /* UserTabBarViewController.swift */; };
		4CB6D9A31CADE6D200060BBC /* NotifcationsTableViewCell.swift in Sources */ = {isa = PBXBuildFile; fileRef = 4CB6D9A21CADE6D200060BBC /* NotifcationsTableViewCell.swift */; };
		4CB6D9A51CADE73C00060BBC /* NotificationsViewController.swift in Sources */ = {isa = PBXBuildFile; fileRef = 4CB6D9A41CADE73C00060BBC /* NotificationsViewController.swift */; };
		4CCCEE671CA430BF00CAAC72 /* AppointmentMakerViewController.swift in Sources */ = {isa = PBXBuildFile; fileRef = 4CCCEE661CA430BF00CAAC72 /* AppointmentMakerViewController.swift */; };
		4CD670221C9249D600741696 /* AppDelegate.swift in Sources */ = {isa = PBXBuildFile; fileRef = 4CD670211C9249D600741696 /* AppDelegate.swift */; };
		4CD670291C9249D600741696 /* Assets.xcassets in Resources */ = {isa = PBXBuildFile; fileRef = 4CD670281C9249D600741696 /* Assets.xcassets */; };
		4CD6702C1C9249D600741696 /* LaunchScreen.storyboard in Resources */ = {isa = PBXBuildFile; fileRef = 4CD6702A1C9249D600741696 /* LaunchScreen.storyboard */; };
		E5EC35BD392A63B900CBDA2B /* Pods_HelpDesk.framework in Frameworks */ = {isa = PBXBuildFile; fileRef = 8A927D09E192FD8FE34820E0 /* Pods_HelpDesk.framework */; };
		F25A8B8C1CA53435000CED30 /* TutorListViewController.swift in Sources */ = {isa = PBXBuildFile; fileRef = F25A8B8B1CA53435000CED30 /* TutorListViewController.swift */; };
		F25A8B8E1CA53447000CED30 /* ChatViewController.swift in Sources */ = {isa = PBXBuildFile; fileRef = F25A8B8D1CA53447000CED30 /* ChatViewController.swift */; };
		F25A8B911CA53496000CED30 /* Message.swift in Sources */ = {isa = PBXBuildFile; fileRef = F25A8B901CA53496000CED30 /* Message.swift */; };
		F25A8B931CA534EC000CED30 /* TutorCell.swift in Sources */ = {isa = PBXBuildFile; fileRef = F25A8B921CA534EC000CED30 /* TutorCell.swift */; };
		F25A8B951CA5350F000CED30 /* TextCell.swift in Sources */ = {isa = PBXBuildFile; fileRef = F25A8B941CA5350F000CED30 /* TextCell.swift */; };
		FC044AB31CA21765001E4CD0 /* AppointmentsViewController.swift in Sources */ = {isa = PBXBuildFile; fileRef = FC044AB21CA21765001E4CD0 /* AppointmentsViewController.swift */; };
		FC044AB51CA217E0001E4CD0 /* AppointmentsTableViewCell.swift in Sources */ = {isa = PBXBuildFile; fileRef = FC044AB41CA217E0001E4CD0 /* AppointmentsTableViewCell.swift */; };
		FC3B955C1CB54542008B6A09 /* tutorRequestsViewController.swift in Sources */ = {isa = PBXBuildFile; fileRef = FC3B955B1CB54542008B6A09 /* tutorRequestsViewController.swift */; };
		FC3B955E1CB545FA008B6A09 /* tutorRequestsTableViewCell.swift in Sources */ = {isa = PBXBuildFile; fileRef = FC3B955D1CB545FA008B6A09 /* tutorRequestsTableViewCell.swift */; };
		FC3B95601CB5787A008B6A09 /* RequestMakerViewController.swift in Sources */ = {isa = PBXBuildFile; fileRef = FC3B955F1CB5787A008B6A09 /* RequestMakerViewController.swift */; };
		FC3B95651CB5F222008B6A09 /* CurrentUserProfileViewController.swift in Sources */ = {isa = PBXBuildFile; fileRef = FC3B95641CB5F222008B6A09 /* CurrentUserProfileViewController.swift */; };
		FC47C1FD1CB9A66A00966D71 /* CourseFunctions.swift in Sources */ = {isa = PBXBuildFile; fileRef = FC47C1FC1CB9A66A00966D71 /* CourseFunctions.swift */; };
		FC47C1FF1CB9B3E100966D71 /* TutoringFunctions.swift in Sources */ = {isa = PBXBuildFile; fileRef = FC47C1FE1CB9B3E100966D71 /* TutoringFunctions.swift */; };
		FCEBBE451CB9FF9C0039CB0A /* AppointmentTutorPickerViewController.swift in Sources */ = {isa = PBXBuildFile; fileRef = FCEBBE441CB9FF9C0039CB0A /* AppointmentTutorPickerViewController.swift */; };
		FCEBBE471CBA02D30039CB0A /* AppointmentTutorSelectTableViewCell.swift in Sources */ = {isa = PBXBuildFile; fileRef = FCEBBE461CBA02D30039CB0A /* AppointmentTutorSelectTableViewCell.swift */; };
		FCEDC8B31CB876230088E787 /* Tutoring.swift in Sources */ = {isa = PBXBuildFile; fileRef = FCEDC8B21CB876230088E787 /* Tutoring.swift */; };
/* End PBXBuildFile section */

/* Begin PBXFileReference section */
		233D2DE2D0DA7A8D6F8B6588 /* Pods-HelpDesk.release.xcconfig */ = {isa = PBXFileReference; includeInIndex = 1; lastKnownFileType = text.xcconfig; name = "Pods-HelpDesk.release.xcconfig"; path = "Pods/Target Support Files/Pods-HelpDesk/Pods-HelpDesk.release.xcconfig"; sourceTree = "<group>"; };
		4C7122161CBB46A00070FE28 /* AppointmentMakerMapViewController.swift */ = {isa = PBXFileReference; fileEncoding = 4; lastKnownFileType = sourcecode.swift; path = AppointmentMakerMapViewController.swift; sourceTree = "<group>"; };
		4C7122191CBC97A90070FE28 /* NotificationMapViewController.swift */ = {isa = PBXFileReference; fileEncoding = 4; lastKnownFileType = sourcecode.swift; path = NotificationMapViewController.swift; sourceTree = "<group>"; };
		4C7870691CA20C6D005A109D /* Main.storyboard */ = {isa = PBXFileReference; fileEncoding = 4; lastKnownFileType = file.storyboard; path = Main.storyboard; sourceTree = "<group>"; };
		4C8EFA4F1CA1C8AC00E36CD0 /* LoginViewController.swift */ = {isa = PBXFileReference; fileEncoding = 4; lastKnownFileType = sourcecode.swift; path = LoginViewController.swift; sourceTree = "<group>"; };
		4C93C7AE1CADEF1A00BD2A6F /* NotifcationsDetailViewController.swift */ = {isa = PBXFileReference; fileEncoding = 4; lastKnownFileType = sourcecode.swift; path = NotifcationsDetailViewController.swift; sourceTree = "<group>"; };
		4C93C7B51CADF79D00BD2A6F /* SignUpViewController.swift */ = {isa = PBXFileReference; fileEncoding = 4; lastKnownFileType = sourcecode.swift; path = SignUpViewController.swift; sourceTree = "<group>"; };
		4CB6D9971CAB494C00060BBC /* HelpDeskUser.swift */ = {isa = PBXFileReference; fileEncoding = 4; lastKnownFileType = sourcecode.swift; path = HelpDeskUser.swift; sourceTree = "<group>"; };
		4CB6D99D1CAB58FD00060BBC /* UserTabBarViewController.swift */ = {isa = PBXFileReference; fileEncoding = 4; lastKnownFileType = sourcecode.swift; path = UserTabBarViewController.swift; sourceTree = "<group>"; };
		4CB6D9A21CADE6D200060BBC /* NotifcationsTableViewCell.swift */ = {isa = PBXFileReference; fileEncoding = 4; lastKnownFileType = sourcecode.swift; path = NotifcationsTableViewCell.swift; sourceTree = "<group>"; };
		4CB6D9A41CADE73C00060BBC /* NotificationsViewController.swift */ = {isa = PBXFileReference; fileEncoding = 4; lastKnownFileType = sourcecode.swift; path = NotificationsViewController.swift; sourceTree = "<group>"; };
		4CCCEE661CA430BF00CAAC72 /* AppointmentMakerViewController.swift */ = {isa = PBXFileReference; fileEncoding = 4; lastKnownFileType = sourcecode.swift; path = AppointmentMakerViewController.swift; sourceTree = "<group>"; };
		4CD6701E1C9249D500741696 /* HelpDesk.app */ = {isa = PBXFileReference; explicitFileType = wrapper.application; includeInIndex = 0; path = HelpDesk.app; sourceTree = BUILT_PRODUCTS_DIR; };
		4CD670211C9249D600741696 /* AppDelegate.swift */ = {isa = PBXFileReference; lastKnownFileType = sourcecode.swift; path = AppDelegate.swift; sourceTree = "<group>"; };
		4CD670281C9249D600741696 /* Assets.xcassets */ = {isa = PBXFileReference; lastKnownFileType = folder.assetcatalog; path = Assets.xcassets; sourceTree = "<group>"; };
		4CD6702B1C9249D600741696 /* Base */ = {isa = PBXFileReference; lastKnownFileType = file.storyboard; name = Base; path = Base.lproj/LaunchScreen.storyboard; sourceTree = "<group>"; };
		4CD6702D1C9249D600741696 /* Info.plist */ = {isa = PBXFileReference; lastKnownFileType = text.plist.xml; path = Info.plist; sourceTree = "<group>"; };
		8A927D09E192FD8FE34820E0 /* Pods_HelpDesk.framework */ = {isa = PBXFileReference; explicitFileType = wrapper.framework; includeInIndex = 0; path = Pods_HelpDesk.framework; sourceTree = BUILT_PRODUCTS_DIR; };
		CF0AC212BF5962AB27CF18B3 /* Pods-HelpDesk.debug.xcconfig */ = {isa = PBXFileReference; includeInIndex = 1; lastKnownFileType = text.xcconfig; name = "Pods-HelpDesk.debug.xcconfig"; path = "Pods/Target Support Files/Pods-HelpDesk/Pods-HelpDesk.debug.xcconfig"; sourceTree = "<group>"; };
		F25A8B8B1CA53435000CED30 /* TutorListViewController.swift */ = {isa = PBXFileReference; fileEncoding = 4; lastKnownFileType = sourcecode.swift; path = TutorListViewController.swift; sourceTree = "<group>"; };
		F25A8B8D1CA53447000CED30 /* ChatViewController.swift */ = {isa = PBXFileReference; fileEncoding = 4; lastKnownFileType = sourcecode.swift; path = ChatViewController.swift; sourceTree = "<group>"; };
		F25A8B901CA53496000CED30 /* Message.swift */ = {isa = PBXFileReference; fileEncoding = 4; lastKnownFileType = sourcecode.swift; path = Message.swift; sourceTree = "<group>"; };
		F25A8B921CA534EC000CED30 /* TutorCell.swift */ = {isa = PBXFileReference; fileEncoding = 4; lastKnownFileType = sourcecode.swift; path = TutorCell.swift; sourceTree = "<group>"; };
		F25A8B941CA5350F000CED30 /* TextCell.swift */ = {isa = PBXFileReference; fileEncoding = 4; lastKnownFileType = sourcecode.swift; path = TextCell.swift; sourceTree = "<group>"; };
		FC044AB21CA21765001E4CD0 /* AppointmentsViewController.swift */ = {isa = PBXFileReference; fileEncoding = 4; lastKnownFileType = sourcecode.swift; path = AppointmentsViewController.swift; sourceTree = "<group>"; };
		FC044AB41CA217E0001E4CD0 /* AppointmentsTableViewCell.swift */ = {isa = PBXFileReference; fileEncoding = 4; lastKnownFileType = sourcecode.swift; path = AppointmentsTableViewCell.swift; sourceTree = "<group>"; };
		FC3B955B1CB54542008B6A09 /* tutorRequestsViewController.swift */ = {isa = PBXFileReference; fileEncoding = 4; lastKnownFileType = sourcecode.swift; path = tutorRequestsViewController.swift; sourceTree = "<group>"; };
		FC3B955D1CB545FA008B6A09 /* tutorRequestsTableViewCell.swift */ = {isa = PBXFileReference; fileEncoding = 4; lastKnownFileType = sourcecode.swift; path = tutorRequestsTableViewCell.swift; sourceTree = "<group>"; };
		FC3B955F1CB5787A008B6A09 /* RequestMakerViewController.swift */ = {isa = PBXFileReference; fileEncoding = 4; lastKnownFileType = sourcecode.swift; path = RequestMakerViewController.swift; sourceTree = "<group>"; };
		FC3B95641CB5F222008B6A09 /* CurrentUserProfileViewController.swift */ = {isa = PBXFileReference; fileEncoding = 4; lastKnownFileType = sourcecode.swift; path = CurrentUserProfileViewController.swift; sourceTree = "<group>"; };
		FC47C1FC1CB9A66A00966D71 /* CourseFunctions.swift */ = {isa = PBXFileReference; fileEncoding = 4; lastKnownFileType = sourcecode.swift; path = CourseFunctions.swift; sourceTree = "<group>"; };
		FC47C1FE1CB9B3E100966D71 /* TutoringFunctions.swift */ = {isa = PBXFileReference; fileEncoding = 4; lastKnownFileType = sourcecode.swift; path = TutoringFunctions.swift; sourceTree = "<group>"; };
		FCEBBE441CB9FF9C0039CB0A /* AppointmentTutorPickerViewController.swift */ = {isa = PBXFileReference; fileEncoding = 4; lastKnownFileType = sourcecode.swift; path = AppointmentTutorPickerViewController.swift; sourceTree = "<group>"; };
		FCEBBE461CBA02D30039CB0A /* AppointmentTutorSelectTableViewCell.swift */ = {isa = PBXFileReference; fileEncoding = 4; lastKnownFileType = sourcecode.swift; path = AppointmentTutorSelectTableViewCell.swift; sourceTree = "<group>"; };
		FCEDC8B21CB876230088E787 /* Tutoring.swift */ = {isa = PBXFileReference; fileEncoding = 4; lastKnownFileType = sourcecode.swift; path = Tutoring.swift; sourceTree = "<group>"; };
/* End PBXFileReference section */

/* Begin PBXFrameworksBuildPhase section */
		4CD6701B1C9249D500741696 /* Frameworks */ = {
			isa = PBXFrameworksBuildPhase;
			buildActionMask = 2147483647;
			files = (
				E5EC35BD392A63B900CBDA2B /* Pods_HelpDesk.framework in Frameworks */,
			);
			runOnlyForDeploymentPostprocessing = 0;
		};
/* End PBXFrameworksBuildPhase section */

/* Begin PBXGroup section */
		468EC153274A534ED14F993E /* Pods */ = {
			isa = PBXGroup;
			children = (
				CF0AC212BF5962AB27CF18B3 /* Pods-HelpDesk.debug.xcconfig */,
				233D2DE2D0DA7A8D6F8B6588 /* Pods-HelpDesk.release.xcconfig */,
			);
			name = Pods;
			sourceTree = "<group>";
		};
		4C78706D1CA2151C005A109D /* ViewControllers */ = {
			isa = PBXGroup;
			children = (
				FC3B95611CB5F1EB008B6A09 /* Profiles */,
				FC3B955A1CB54519008B6A09 /* Requests */,
				4C93C7B41CADF38A00BD2A6F /* EarlyViews */,
				4C93C7B31CADF36400BD2A6F /* StudentTutorInteract */,
				4C93C7B21CADF34600BD2A6F /* Chat */,
				4C93C7B11CADF31800BD2A6F /* TabBarViewControllers */,
				4C93C7B01CADF2F000BD2A6F /* Appointments */,
				4C93C7AD1CADEEB500BD2A6F /* Notifications */,
			);
			name = ViewControllers;
			sourceTree = "<group>";
		};
		4C93C7AD1CADEEB500BD2A6F /* Notifications */ = {
			isa = PBXGroup;
			children = (
				4CB6D9A41CADE73C00060BBC /* NotificationsViewController.swift */,
				4CB6D9A21CADE6D200060BBC /* NotifcationsTableViewCell.swift */,
				4C93C7AE1CADEF1A00BD2A6F /* NotifcationsDetailViewController.swift */,
				4C7122191CBC97A90070FE28 /* NotificationMapViewController.swift */,
			);
			name = Notifications;
			sourceTree = "<group>";
		};
		4C93C7B01CADF2F000BD2A6F /* Appointments */ = {
			isa = PBXGroup;
			children = (
				FC044AB21CA21765001E4CD0 /* AppointmentsViewController.swift */,
				FC044AB41CA217E0001E4CD0 /* AppointmentsTableViewCell.swift */,
				4CCCEE661CA430BF00CAAC72 /* AppointmentMakerViewController.swift */,
				FCEBBE441CB9FF9C0039CB0A /* AppointmentTutorPickerViewController.swift */,
				FCEBBE461CBA02D30039CB0A /* AppointmentTutorSelectTableViewCell.swift */,
				4C7122161CBB46A00070FE28 /* AppointmentMakerMapViewController.swift */,
			);
			name = Appointments;
			sourceTree = "<group>";
		};
		4C93C7B11CADF31800BD2A6F /* TabBarViewControllers */ = {
			isa = PBXGroup;
			children = (
				4CB6D99D1CAB58FD00060BBC /* UserTabBarViewController.swift */,
			);
			name = TabBarViewControllers;
			sourceTree = "<group>";
		};
		4C93C7B21CADF34600BD2A6F /* Chat */ = {
			isa = PBXGroup;
			children = (
				F25A8B8D1CA53447000CED30 /* ChatViewController.swift */,
				F25A8B941CA5350F000CED30 /* TextCell.swift */,
			);
			name = Chat;
			sourceTree = "<group>";
		};
		4C93C7B31CADF36400BD2A6F /* StudentTutorInteract */ = {
			isa = PBXGroup;
			children = (
				F25A8B8B1CA53435000CED30 /* TutorListViewController.swift */,
				F25A8B921CA534EC000CED30 /* TutorCell.swift */,
			);
			name = StudentTutorInteract;
			sourceTree = "<group>";
		};
		4C93C7B41CADF38A00BD2A6F /* EarlyViews */ = {
			isa = PBXGroup;
			children = (
				4C8EFA4F1CA1C8AC00E36CD0 /* LoginViewController.swift */,
				4C93C7B51CADF79D00BD2A6F /* SignUpViewController.swift */,
			);
			name = EarlyViews;
			sourceTree = "<group>";
		};
		4CD670151C9249D500741696 = {
			isa = PBXGroup;
			children = (
				4CD670201C9249D500741696 /* HelpDesk */,
				4CD6701F1C9249D500741696 /* Products */,
				468EC153274A534ED14F993E /* Pods */,
				A5D46A98B27F584CB361A29C /* Frameworks */,
			);
			sourceTree = "<group>";
		};
		4CD6701F1C9249D500741696 /* Products */ = {
			isa = PBXGroup;
			children = (
				4CD6701E1C9249D500741696 /* HelpDesk.app */,
			);
			name = Products;
			sourceTree = "<group>";
		};
		4CD670201C9249D500741696 /* HelpDesk */ = {
			isa = PBXGroup;
			children = (
				FC47C1FB1CB9A63B00966D71 /* Tests */,
				F25A8B8F1CA53483000CED30 /* Models */,
				4C78706D1CA2151C005A109D /* ViewControllers */,
				4CD670211C9249D600741696 /* AppDelegate.swift */,
				4CD670281C9249D600741696 /* Assets.xcassets */,
				4C7870691CA20C6D005A109D /* Main.storyboard */,
				4CD6702A1C9249D600741696 /* LaunchScreen.storyboard */,
				4CD6702D1C9249D600741696 /* Info.plist */,
			);
			path = HelpDesk;
			sourceTree = "<group>";
		};
		A5D46A98B27F584CB361A29C /* Frameworks */ = {
			isa = PBXGroup;
			children = (
				8A927D09E192FD8FE34820E0 /* Pods_HelpDesk.framework */,
			);
			name = Frameworks;
			sourceTree = "<group>";
		};
		F25A8B8F1CA53483000CED30 /* Models */ = {
			isa = PBXGroup;
			children = (
				F25A8B901CA53496000CED30 /* Message.swift */,
				4CB6D9971CAB494C00060BBC /* HelpDeskUser.swift */,
				FCEDC8B21CB876230088E787 /* Tutoring.swift */,
			);
			name = Models;
			sourceTree = "<group>";
		};
		FC3B955A1CB54519008B6A09 /* Requests */ = {
			isa = PBXGroup;
			children = (
				FC3B955B1CB54542008B6A09 /* tutorRequestsViewController.swift */,
				FC3B955D1CB545FA008B6A09 /* tutorRequestsTableViewCell.swift */,
				FC3B955F1CB5787A008B6A09 /* RequestMakerViewController.swift */,
			);
			name = Requests;
			sourceTree = "<group>";
		};
		FC3B95611CB5F1EB008B6A09 /* Profiles */ = {
			isa = PBXGroup;
			children = (
				FC3B95641CB5F222008B6A09 /* CurrentUserProfileViewController.swift */,
			);
			name = Profiles;
			sourceTree = "<group>";
		};
		FC47C1FB1CB9A63B00966D71 /* Tests */ = {
			isa = PBXGroup;
			children = (
				FC47C1FC1CB9A66A00966D71 /* CourseFunctions.swift */,
				FC47C1FE1CB9B3E100966D71 /* TutoringFunctions.swift */,
			);
			name = Tests;
			sourceTree = "<group>";
		};
/* End PBXGroup section */

/* Begin PBXNativeTarget section */
		4CD6701D1C9249D500741696 /* HelpDesk */ = {
			isa = PBXNativeTarget;
			buildConfigurationList = 4CD670301C9249D600741696 /* Build configuration list for PBXNativeTarget "HelpDesk" */;
			buildPhases = (
				64086A691B501207897752C3 /* 📦 Check Pods Manifest.lock */,
				4CD6701A1C9249D500741696 /* Sources */,
				4CD6701B1C9249D500741696 /* Frameworks */,
				4CD6701C1C9249D500741696 /* Resources */,
				BB83AD05096B04F5AAB04DA6 /* 📦 Embed Pods Frameworks */,
				F46C531187E999C79DA4CE2D /* 📦 Copy Pods Resources */,
				CF949CC1680891A7B5AC12C8 /* Embed Pods Frameworks */,
			);
			buildRules = (
			);
			dependencies = (
			);
			name = HelpDesk;
			productName = HelpDesk;
			productReference = 4CD6701E1C9249D500741696 /* HelpDesk.app */;
			productType = "com.apple.product-type.application";
		};
/* End PBXNativeTarget section */

/* Begin PBXProject section */
		4CD670161C9249D500741696 /* Project object */ = {
			isa = PBXProject;
			attributes = {
				LastSwiftUpdateCheck = 0720;
				LastUpgradeCheck = 0720;
				ORGANIZATIONNAME = TeamHelpDesk;
				TargetAttributes = {
					4CD6701D1C9249D500741696 = {
						CreatedOnToolsVersion = 7.2.1;
						DevelopmentTeam = 67XUB76L58;
					};
				};
			};
			buildConfigurationList = 4CD670191C9249D500741696 /* Build configuration list for PBXProject "HelpDesk" */;
			compatibilityVersion = "Xcode 3.2";
			developmentRegion = English;
			hasScannedForEncodings = 0;
			knownRegions = (
				en,
				Base,
			);
			mainGroup = 4CD670151C9249D500741696;
			productRefGroup = 4CD6701F1C9249D500741696 /* Products */;
			projectDirPath = "";
			projectRoot = "";
			targets = (
				4CD6701D1C9249D500741696 /* HelpDesk */,
			);
		};
/* End PBXProject section */

/* Begin PBXResourcesBuildPhase section */
		4CD6701C1C9249D500741696 /* Resources */ = {
			isa = PBXResourcesBuildPhase;
			buildActionMask = 2147483647;
			files = (
				4C78706A1CA20C6D005A109D /* Main.storyboard in Resources */,
				4CD6702C1C9249D600741696 /* LaunchScreen.storyboard in Resources */,
				4CD670291C9249D600741696 /* Assets.xcassets in Resources */,
			);
			runOnlyForDeploymentPostprocessing = 0;
		};
/* End PBXResourcesBuildPhase section */

/* Begin PBXShellScriptBuildPhase section */
		64086A691B501207897752C3 /* 📦 Check Pods Manifest.lock */ = {
			isa = PBXShellScriptBuildPhase;
			buildActionMask = 2147483647;
			files = (
			);
			inputPaths = (
			);
			name = "📦 Check Pods Manifest.lock";
			outputPaths = (
			);
			runOnlyForDeploymentPostprocessing = 0;
			shellPath = /bin/sh;
			shellScript = "diff \"${PODS_ROOT}/../Podfile.lock\" \"${PODS_ROOT}/Manifest.lock\" > /dev/null\nif [[ $? != 0 ]] ; then\n    cat << EOM\nerror: The sandbox is not in sync with the Podfile.lock. Run 'pod install' or update your CocoaPods installation.\nEOM\n    exit 1\nfi\n";
			showEnvVarsInLog = 0;
		};
		BB83AD05096B04F5AAB04DA6 /* 📦 Embed Pods Frameworks */ = {
			isa = PBXShellScriptBuildPhase;
			buildActionMask = 2147483647;
			files = (
			);
			inputPaths = (
			);
			name = "📦 Embed Pods Frameworks";
			outputPaths = (
			);
			runOnlyForDeploymentPostprocessing = 0;
			shellPath = /bin/sh;
			shellScript = "\"${SRCROOT}/Pods/Target Support Files/Pods-HelpDesk/Pods-HelpDesk-frameworks.sh\"\n";
			showEnvVarsInLog = 0;
		};
		CF949CC1680891A7B5AC12C8 /* Embed Pods Frameworks */ = {
			isa = PBXShellScriptBuildPhase;
			buildActionMask = 2147483647;
			files = (
			);
			inputPaths = (
			);
			name = "Embed Pods Frameworks";
			outputPaths = (
			);
			runOnlyForDeploymentPostprocessing = 0;
			shellPath = /bin/sh;
			shellScript = "\"${SRCROOT}/Pods/Target Support Files/Pods-HelpDesk/Pods-HelpDesk-frameworks.sh\"\n";
			showEnvVarsInLog = 0;
		};
		F46C531187E999C79DA4CE2D /* 📦 Copy Pods Resources */ = {
			isa = PBXShellScriptBuildPhase;
			buildActionMask = 2147483647;
			files = (
			);
			inputPaths = (
			);
			name = "📦 Copy Pods Resources";
			outputPaths = (
			);
			runOnlyForDeploymentPostprocessing = 0;
			shellPath = /bin/sh;
			shellScript = "\"${SRCROOT}/Pods/Target Support Files/Pods-HelpDesk/Pods-HelpDesk-resources.sh\"\n";
			showEnvVarsInLog = 0;
		};
/* End PBXShellScriptBuildPhase section */

/* Begin PBXSourcesBuildPhase section */
		4CD6701A1C9249D500741696 /* Sources */ = {
			isa = PBXSourcesBuildPhase;
			buildActionMask = 2147483647;
			files = (
				4CB6D9A51CADE73C00060BBC /* NotificationsViewController.swift in Sources */,
				F25A8B951CA5350F000CED30 /* TextCell.swift in Sources */,
				FC3B955E1CB545FA008B6A09 /* tutorRequestsTableViewCell.swift in Sources */,
				FC3B95651CB5F222008B6A09 /* CurrentUserProfileViewController.swift in Sources */,
				FC47C1FD1CB9A66A00966D71 /* CourseFunctions.swift in Sources */,
				F25A8B931CA534EC000CED30 /* TutorCell.swift in Sources */,
				4C93C7AF1CADEF1A00BD2A6F /* NotifcationsDetailViewController.swift in Sources */,
				4CB6D9A31CADE6D200060BBC /* NotifcationsTableViewCell.swift in Sources */,
				FC47C1FF1CB9B3E100966D71 /* TutoringFunctions.swift in Sources */,
				4C71221A1CBC97A90070FE28 /* NotificationMapViewController.swift in Sources */,
				4CCCEE671CA430BF00CAAC72 /* AppointmentMakerViewController.swift in Sources */,
				F25A8B8C1CA53435000CED30 /* TutorListViewController.swift in Sources */,
				FC044AB31CA21765001E4CD0 /* AppointmentsViewController.swift in Sources */,
				F25A8B8E1CA53447000CED30 /* ChatViewController.swift in Sources */,
				4CB6D99E1CAB58FD00060BBC /* UserTabBarViewController.swift in Sources */,
				4C7122171CBB46A00070FE28 /* AppointmentMakerMapViewController.swift in Sources */,
				FC3B95601CB5787A008B6A09 /* RequestMakerViewController.swift in Sources */,
				FCEBBE451CB9FF9C0039CB0A /* AppointmentTutorPickerViewController.swift in Sources */,
				4CB6D9981CAB494C00060BBC /* HelpDeskUser.swift in Sources */,
				FC044AB51CA217E0001E4CD0 /* AppointmentsTableViewCell.swift in Sources */,
				FCEDC8B31CB876230088E787 /* Tutoring.swift in Sources */,
				FC3B955C1CB54542008B6A09 /* tutorRequestsViewController.swift in Sources */,
				4C93C7B61CADF79D00BD2A6F /* SignUpViewController.swift in Sources */,
				FCEBBE471CBA02D30039CB0A /* AppointmentTutorSelectTableViewCell.swift in Sources */,
				F25A8B911CA53496000CED30 /* Message.swift in Sources */,
				4C8EFA501CA1C8AC00E36CD0 /* LoginViewController.swift in Sources */,
				4CD670221C9249D600741696 /* AppDelegate.swift in Sources */,
			);
			runOnlyForDeploymentPostprocessing = 0;
		};
/* End PBXSourcesBuildPhase section */

/* Begin PBXVariantGroup section */
		4CD6702A1C9249D600741696 /* LaunchScreen.storyboard */ = {
			isa = PBXVariantGroup;
			children = (
				4CD6702B1C9249D600741696 /* Base */,
			);
			name = LaunchScreen.storyboard;
			sourceTree = "<group>";
		};
/* End PBXVariantGroup section */

/* Begin XCBuildConfiguration section */
		4CD6702E1C9249D600741696 /* Debug */ = {
			isa = XCBuildConfiguration;
			buildSettings = {
				ALWAYS_SEARCH_USER_PATHS = NO;
				CLANG_CXX_LANGUAGE_STANDARD = "gnu++0x";
				CLANG_CXX_LIBRARY = "libc++";
				CLANG_ENABLE_MODULES = YES;
				CLANG_ENABLE_OBJC_ARC = YES;
				CLANG_WARN_BOOL_CONVERSION = YES;
				CLANG_WARN_CONSTANT_CONVERSION = YES;
				CLANG_WARN_DIRECT_OBJC_ISA_USAGE = YES_ERROR;
				CLANG_WARN_EMPTY_BODY = YES;
				CLANG_WARN_ENUM_CONVERSION = YES;
				CLANG_WARN_INT_CONVERSION = YES;
				CLANG_WARN_OBJC_ROOT_CLASS = YES_ERROR;
				CLANG_WARN_UNREACHABLE_CODE = YES;
				CLANG_WARN__DUPLICATE_METHOD_MATCH = YES;
				"CODE_SIGN_IDENTITY[sdk=iphoneos*]" = "iPhone Developer";
				COPY_PHASE_STRIP = NO;
				DEBUG_INFORMATION_FORMAT = dwarf;
				ENABLE_STRICT_OBJC_MSGSEND = YES;
				ENABLE_TESTABILITY = YES;
				GCC_C_LANGUAGE_STANDARD = gnu99;
				GCC_DYNAMIC_NO_PIC = NO;
				GCC_NO_COMMON_BLOCKS = YES;
				GCC_OPTIMIZATION_LEVEL = 0;
				GCC_PREPROCESSOR_DEFINITIONS = (
					"DEBUG=1",
					"$(inherited)",
				);
				GCC_WARN_64_TO_32_BIT_CONVERSION = YES;
				GCC_WARN_ABOUT_RETURN_TYPE = YES_ERROR;
				GCC_WARN_UNDECLARED_SELECTOR = YES;
				GCC_WARN_UNINITIALIZED_AUTOS = YES_AGGRESSIVE;
				GCC_WARN_UNUSED_FUNCTION = YES;
				GCC_WARN_UNUSED_VARIABLE = YES;
				IPHONEOS_DEPLOYMENT_TARGET = 9.2;
				MTL_ENABLE_DEBUG_INFO = YES;
				ONLY_ACTIVE_ARCH = YES;
				SDKROOT = iphoneos;
				SWIFT_OPTIMIZATION_LEVEL = "-Onone";
			};
			name = Debug;
		};
		4CD6702F1C9249D600741696 /* Release */ = {
			isa = XCBuildConfiguration;
			buildSettings = {
				ALWAYS_SEARCH_USER_PATHS = NO;
				CLANG_CXX_LANGUAGE_STANDARD = "gnu++0x";
				CLANG_CXX_LIBRARY = "libc++";
				CLANG_ENABLE_MODULES = YES;
				CLANG_ENABLE_OBJC_ARC = YES;
				CLANG_WARN_BOOL_CONVERSION = YES;
				CLANG_WARN_CONSTANT_CONVERSION = YES;
				CLANG_WARN_DIRECT_OBJC_ISA_USAGE = YES_ERROR;
				CLANG_WARN_EMPTY_BODY = YES;
				CLANG_WARN_ENUM_CONVERSION = YES;
				CLANG_WARN_INT_CONVERSION = YES;
				CLANG_WARN_OBJC_ROOT_CLASS = YES_ERROR;
				CLANG_WARN_UNREACHABLE_CODE = YES;
				CLANG_WARN__DUPLICATE_METHOD_MATCH = YES;
				"CODE_SIGN_IDENTITY[sdk=iphoneos*]" = "iPhone Developer";
				COPY_PHASE_STRIP = NO;
				DEBUG_INFORMATION_FORMAT = "dwarf-with-dsym";
				ENABLE_NS_ASSERTIONS = NO;
				ENABLE_STRICT_OBJC_MSGSEND = YES;
				GCC_C_LANGUAGE_STANDARD = gnu99;
				GCC_NO_COMMON_BLOCKS = YES;
				GCC_WARN_64_TO_32_BIT_CONVERSION = YES;
				GCC_WARN_ABOUT_RETURN_TYPE = YES_ERROR;
				GCC_WARN_UNDECLARED_SELECTOR = YES;
				GCC_WARN_UNINITIALIZED_AUTOS = YES_AGGRESSIVE;
				GCC_WARN_UNUSED_FUNCTION = YES;
				GCC_WARN_UNUSED_VARIABLE = YES;
				IPHONEOS_DEPLOYMENT_TARGET = 9.2;
				MTL_ENABLE_DEBUG_INFO = NO;
				SDKROOT = iphoneos;
				VALIDATE_PRODUCT = YES;
			};
			name = Release;
		};
		4CD670311C9249D600741696 /* Debug */ = {
			isa = XCBuildConfiguration;
			baseConfigurationReference = CF0AC212BF5962AB27CF18B3 /* Pods-HelpDesk.debug.xcconfig */;
			buildSettings = {
				ASSETCATALOG_COMPILER_APPICON_NAME = AppIcon;
				CODE_SIGN_IDENTITY = "iPhone Developer";
				"CODE_SIGN_IDENTITY[sdk=iphoneos*]" = "iPhone Developer";
				INFOPLIST_FILE = HelpDesk/Info.plist;
				LD_RUNPATH_SEARCH_PATHS = "$(inherited) @executable_path/Frameworks";
				PRODUCT_BUNDLE_IDENTIFIER = com.mmadans.HelpDesk;
				PRODUCT_NAME = "$(TARGET_NAME)";
				PROVISIONING_PROFILE = "";
			};
			name = Debug;
		};
		4CD670321C9249D600741696 /* Release */ = {
			isa = XCBuildConfiguration;
			baseConfigurationReference = 233D2DE2D0DA7A8D6F8B6588 /* Pods-HelpDesk.release.xcconfig */;
			buildSettings = {
				ASSETCATALOG_COMPILER_APPICON_NAME = AppIcon;
				CODE_SIGN_IDENTITY = "iPhone Developer";
				"CODE_SIGN_IDENTITY[sdk=iphoneos*]" = "iPhone Developer";
				INFOPLIST_FILE = HelpDesk/Info.plist;
				LD_RUNPATH_SEARCH_PATHS = "$(inherited) @executable_path/Frameworks";
				PRODUCT_BUNDLE_IDENTIFIER = com.mmadans.HelpDesk;
				PRODUCT_NAME = "$(TARGET_NAME)";
				PROVISIONING_PROFILE = "";
			};
			name = Release;
		};
/* End XCBuildConfiguration section */

/* Begin XCConfigurationList section */
		4CD670191C9249D500741696 /* Build configuration list for PBXProject "HelpDesk" */ = {
			isa = XCConfigurationList;
			buildConfigurations = (
				4CD6702E1C9249D600741696 /* Debug */,
				4CD6702F1C9249D600741696 /* Release */,
			);
			defaultConfigurationIsVisible = 0;
			defaultConfigurationName = Release;
		};
		4CD670301C9249D600741696 /* Build configuration list for PBXNativeTarget "HelpDesk" */ = {
			isa = XCConfigurationList;
			buildConfigurations = (
				4CD670311C9249D600741696 /* Debug */,
				4CD670321C9249D600741696 /* Release */,
			);
			defaultConfigurationIsVisible = 0;
			defaultConfigurationName = Release;
		};
/* End XCConfigurationList section */
	};
	rootObject = 4CD670161C9249D500741696 /* Project object */;
}
